<?xml version="1.0" encoding="utf-8"?>
<Project ToolsVersion="4.0" xmlns="http://schemas.microsoft.com/developer/msbuild/2003">
  <ItemGroup>
    <Filter Include="Source Files">
      <UniqueIdentifier>{174839e0-dac3-4631-96f3-86bd9f58adaa}</UniqueIdentifier>
      <Extensions>cpp;c;cxx;rc;def;r;odl;idl;hpj;bat</Extensions>
    </Filter>
    <Filter Include="Header Files">
      <UniqueIdentifier>{e2da1b5d-7ee6-44e9-a376-e0c69a03cac5}</UniqueIdentifier>
      <Extensions>h;hpp;hxx;hm;inl</Extensions>
    </Filter>
    <Filter Include="Resource Files">
      <UniqueIdentifier>{fc1471ed-fc54-49c9-9b96-bbf34e389129}</UniqueIdentifier>
      <Extensions>ico;cur;bmp;dlg;rc2;rct;bin;rgs;gif;jpg;jpeg;jpe</Extensions>
    </Filter>
    <Filter Include="ReadMe">
      <UniqueIdentifier>{878de457-d9c2-4af1-a042-bd1c85b6630c}</UniqueIdentifier>
    </Filter>
  </ItemGroup>
  <ItemGroup>
    <ClCompile Include="blinnbrdf.cpp">
      <Filter>Source Files</Filter>
    </ClCompile>
    <ClCompile Include="mtlshade.cpp">
      <Filter>Source Files</Filter>
    </ClCompile>
    <ClCompile Include="plugin.cpp">
      <Filter>Source Files</Filter>
    </ClCompile>
    <ClCompile Include="vrayblinnmtl.cpp">
      <Filter>Source Files</Filter>
    </ClCompile>
    <ClCompile Include="wif\wif.cpp">
      <Filter>Source Files</Filter>
    </ClCompile>
    <ClCompile Include="wif\ini.cpp">
      <Filter>Source Files</Filter>
    </ClCompile>
    <ClCompile Include="..\Dynamic\Dynamic.cpp">
      <Filter>Source Files</Filter>
    </ClCompile>
  </ItemGroup>
  <ItemGroup>
    <ClInclude Include="blinnbrdf.h">
      <Filter>Header Files</Filter>
    </ClInclude>
    <ClInclude Include="vrayblinnmtl.h">
      <Filter>Header Files</Filter>
    </ClInclude>
    <ClInclude Include="dynamic.h">
      <Filter>Header Files</Filter>
    </ClInclude>
    <ClInclude Include="resource.h">
      <Filter>Header Files</Filter>
    </ClInclude>
    <ClInclude Include="wif\wif.h">
      <Filter>Header Files</Filter>
    </ClInclude>
    <ClInclude Include="weave.h">
      <Filter>Header Files</Filter>
    </ClInclude>
  </ItemGroup>
  <ItemGroup>
    <ResourceCompile Include="vrayblinnmtl.rc">
      <Filter>Resource Files</Filter>
    </ResourceCompile>
  </ItemGroup>
  <ItemGroup>
    <Text Include="Skeleton.txt">
      <Filter>ReadMe</Filter>
    </Text>
  </ItemGroup>
  <ItemGroup>
    <CustomBuild Include="plugin.def">
      <Filter>Source Files</Filter>
    </CustomBuild>
  </ItemGroup>
</Project>